
Microsoft Visual Studio Solution File, Format Version 12.00
# Visual Studio Version 17
VisualStudioVersion = 17.11.35219.272
MinimumVisualStudioVersion = 10.0.40219.1
Project("{FAE04EC0-301F-11D3-BF4B-00C04F79EFBC}") = "ProxyResource", "ProxyResource\ProxyResource.csproj", "{025B9B65-A2AA-41A2-9881-1461CD7074CA}"
EndProject
Global
	GlobalSection(SolutionConfigurationPlatforms) = preSolution
		Debug|Any CPU = Debug|Any CPU
		Release|Any CPU = Release|Any CPU
	EndGlobalSection
	GlobalSection(ProjectConfigurationPlatforms) = postSolution
		{025B9B65-A2AA-41A2-9881-1461CD7074CA}.Debug|Any CPU.ActiveCfg = Debug|Any CPU
		{025B9B65-A2AA-41A2-9881-1461CD7074CA}.Debug|Any CPU.Build.0 = Debug|Any CPU
		{025B9B65-A2AA-41A2-9881-1461CD7074CA}.Release|Any CPU.ActiveCfg = Release|Any CPU
		{025B9B65-A2AA-41A2-9881-1461CD7074CA}.Release|Any CPU.Build.0 = Release|Any CPU
	EndGlobalSection
	GlobalSection(SolutionProperties) = preSolution
		HideSolutionNode = FALSE
	EndGlobalSection
	GlobalSection(ExtensibilityGlobals) = postSolution
		SolutionGuid = {28B1C2F4-666F-43A4-845E-5EA913D06D4C}
	EndGlobalSection
EndGlobal
